
Microsoft Visual Studio Solution File, Format Version 12.00
# Visual Studio Version 17
VisualStudioVersion = 17.2.32516.85
MinimumVisualStudioVersion = 10.0.40219.1
Project("{9A19103F-16F7-4668-BE54-9A1E7A4F7556}") = "AppliedHttpClient", "AppliedHttpClient.csproj", "{7BB5BFA8-F025-430E-A093-17384C43B9E9}"
EndProject
Project("{FAE04EC0-301F-11D3-BF4B-00C04F79EFBC}") = "AppliedHttpClientApp", "..\AppliedHttpClientApp\AppliedHttpClientApp.csproj", "{9C95999E-B717-488E-96AB-E22B4A8BC7D5}"
EndProject
Global
	GlobalSection(SolutionConfigurationPlatforms) = preSolution
		Debug|Any CPU = Debug|Any CPU
		Release|Any CPU = Release|Any CPU
	EndGlobalSection
	GlobalSection(ProjectConfigurationPlatforms) = postSolution
		{7BB5BFA8-F025-430E-A093-17384C43B9E9}.Debug|Any CPU.ActiveCfg = Debug|Any CPU
		{7BB5BFA8-F025-430E-A093-17384C43B9E9}.Debug|Any CPU.Build.0 = Debug|Any CPU
		{7BB5BFA8-F025-430E-A093-17384C43B9E9}.Release|Any CPU.ActiveCfg = Release|Any CPU
		{7BB5BFA8-F025-430E-A093-17384C43B9E9}.Release|Any CPU.Build.0 = Release|Any CPU
		{9C95999E-B717-488E-96AB-E22B4A8BC7D5}.Debug|Any CPU.ActiveCfg = Debug|Any CPU
		{9C95999E-B717-488E-96AB-E22B4A8BC7D5}.Debug|Any CPU.Build.0 = Debug|Any CPU
		{9C95999E-B717-488E-96AB-E22B4A8BC7D5}.Release|Any CPU.ActiveCfg = Release|Any CPU
		{9C95999E-B717-488E-96AB-E22B4A8BC7D5}.Release|Any CPU.Build.0 = Release|Any CPU
	EndGlobalSection
	GlobalSection(SolutionProperties) = preSolution
		HideSolutionNode = FALSE
	EndGlobalSection
	GlobalSection(ExtensibilityGlobals) = postSolution
		SolutionGuid = {EAB53185-399C-4BD8-ADA5-67EACC15AC3A}
	EndGlobalSection
EndGlobal
